
Microsoft Visual Studio Solution File, Format Version 12.00
# Visual Studio Version 17
VisualStudioVersion = 17.2.32630.192
MinimumVisualStudioVersion = 10.0.40219.1
Project("{9A19103F-16F7-4668-BE54-9A1E7A4F7556}") = "Mithril", "Mithril\Mithril.csproj", "{6EFBC026-91E2-4CD9-8CEA-EA8334801488}"
EndProject
Project("{9A19103F-16F7-4668-BE54-9A1E7A4F7556}") = "Mithril.Core", "Mithril.Core\Mithril.Core.csproj", "{A352EDA5-CD4B-4B1D-8BFE-63748ABE7906}"
EndProject
Project("{9A19103F-16F7-4668-BE54-9A1E7A4F7556}") = "Mithril.Core.Abstractions", "Mithril.Core.Abstractions\Mithril.Core.Abstractions.csproj", "{BD6A5DD3-2C76-4700-BC24-D9969FD95AE2}"
EndProject
Project("{2150E333-8FDC-42A3-9474-1A3956D46DE8}") = "Libraries", "Libraries", "{E11DBDB8-9874-4DA1-86A7-7DEE0544A00B}"
EndProject
Project("{2150E333-8FDC-42A3-9474-1A3956D46DE8}") = "Abstractions", "Abstractions", "{DFF726A6-A69B-4FB6-9E88-908610C57F2D}"
EndProject
Project("{2150E333-8FDC-42A3-9474-1A3956D46DE8}") = "Modules", "Modules", "{5025FB1E-08E0-4D28-8172-4AFBAB469673}"
EndProject
Project("{9A19103F-16F7-4668-BE54-9A1E7A4F7556}") = "Mithril.Logging.Serilog", "Mithril.Logging.Serilog\Mithril.Logging.Serilog.csproj", "{98B7B946-452B-447E-9BB1-95099FE4D9A7}"
EndProject
Project("{2150E333-8FDC-42A3-9474-1A3956D46DE8}") = "Tests", "Tests", "{52F18E23-D377-4DA9-ADE9-D4E3649B26B4}"
EndProject
Project("{9A19103F-16F7-4668-BE54-9A1E7A4F7556}") = "Mithril.Core.Tests", "Mithril.Core.Tests\Mithril.Core.Tests.csproj", "{6F24491D-535D-42EF-B295-FFC350A5CA6B}"
EndProject
Project("{9A19103F-16F7-4668-BE54-9A1E7A4F7556}") = "Mithril.Tests.Helpers", "Mithril.Tests.Helpers\Mithril.Tests.Helpers.csproj", "{153C094E-DE9E-49BE-B708-B8A2A4ECF36C}"
EndProject
Project("{2150E333-8FDC-42A3-9474-1A3956D46DE8}") = "Modules", "Modules", "{20C64160-C469-46C8-9971-17C2435420AD}"
EndProject
Project("{9A19103F-16F7-4668-BE54-9A1E7A4F7556}") = "Mithril.Logging.Serilog.Tests", "Mithril.Logging.Serilog.Tests\Mithril.Logging.Serilog.Tests.csproj", "{9B8F5534-87B7-4B42-ADB0-58EB14EA6F2C}"
EndProject
Project("{9A19103F-16F7-4668-BE54-9A1E7A4F7556}") = "Mithril.Security.Windows", "Mithril.Security.Windows\Mithril.Security.Windows.csproj", "{24CA2AB9-CA0F-422A-B6BE-482A22BC95CA}"
EndProject
Project("{9A19103F-16F7-4668-BE54-9A1E7A4F7556}") = "Mithril.Security", "Mithril.Security\Mithril.Security.csproj", "{81B4C1D4-EC17-4CE2-8208-CFAF42EAF7A2}"
EndProject
Project("{9A19103F-16F7-4668-BE54-9A1E7A4F7556}") = "Mithril.API.GraphQL", "Mithril.API.GraphQL\Mithril.API.GraphQL.csproj", "{32C1ABD3-1CF2-4648-A270-645BB42827E3}"
EndProject
Project("{9A19103F-16F7-4668-BE54-9A1E7A4F7556}") = "Mithril.Data.Abstractions", "Mithril.Data.Abstractions\Mithril.Data.Abstractions.csproj", "{54120EFC-6D63-4305-A7BC-5ABBFBEB0355}"
EndProject
Project("{9A19103F-16F7-4668-BE54-9A1E7A4F7556}") = "Mithril.Security.Abstractions", "Mithril.Security.Abstractions\Mithril.Security.Abstractions.csproj", "{17592880-2740-42D1-BF2B-2E3D1C72252E}"
EndProject
Project("{9A19103F-16F7-4668-BE54-9A1E7A4F7556}") = "Mithril.Data", "Mithril.Data\Mithril.Data.csproj", "{7D8E66F5-1877-4590-B4BD-8C71BFA88C50}"
EndProject
Project("{9A19103F-16F7-4668-BE54-9A1E7A4F7556}") = "Mithril.API.Abstractions", "Mithril.API.Abstractions\Mithril.API.Abstractions.csproj", "{C429D9BC-0F05-4D5B-BC8F-E86F4D46979D}"
EndProject
Project("{FAE04EC0-301F-11D3-BF4B-00C04F79EFBC}") = "Mithril.API.Commands", "Mithril.API.Commands\Mithril.API.Commands.csproj", "{EA98FF43-E601-428F-8412-F1B06979E083}"
EndProject
Global
	GlobalSection(SolutionConfigurationPlatforms) = preSolution
		Debug|Any CPU = Debug|Any CPU
		Release|Any CPU = Release|Any CPU
	EndGlobalSection
	GlobalSection(ProjectConfigurationPlatforms) = postSolution
		{6EFBC026-91E2-4CD9-8CEA-EA8334801488}.Debug|Any CPU.ActiveCfg = Debug|Any CPU
		{6EFBC026-91E2-4CD9-8CEA-EA8334801488}.Debug|Any CPU.Build.0 = Debug|Any CPU
		{6EFBC026-91E2-4CD9-8CEA-EA8334801488}.Release|Any CPU.ActiveCfg = Release|Any CPU
		{6EFBC026-91E2-4CD9-8CEA-EA8334801488}.Release|Any CPU.Build.0 = Release|Any CPU
		{A352EDA5-CD4B-4B1D-8BFE-63748ABE7906}.Debug|Any CPU.ActiveCfg = Debug|Any CPU
		{A352EDA5-CD4B-4B1D-8BFE-63748ABE7906}.Debug|Any CPU.Build.0 = Debug|Any CPU
		{A352EDA5-CD4B-4B1D-8BFE-63748ABE7906}.Release|Any CPU.ActiveCfg = Release|Any CPU
		{A352EDA5-CD4B-4B1D-8BFE-63748ABE7906}.Release|Any CPU.Build.0 = Release|Any CPU
		{BD6A5DD3-2C76-4700-BC24-D9969FD95AE2}.Debug|Any CPU.ActiveCfg = Debug|Any CPU
		{BD6A5DD3-2C76-4700-BC24-D9969FD95AE2}.Debug|Any CPU.Build.0 = Debug|Any CPU
		{BD6A5DD3-2C76-4700-BC24-D9969FD95AE2}.Release|Any CPU.ActiveCfg = Release|Any CPU
		{BD6A5DD3-2C76-4700-BC24-D9969FD95AE2}.Release|Any CPU.Build.0 = Release|Any CPU
		{98B7B946-452B-447E-9BB1-95099FE4D9A7}.Debug|Any CPU.ActiveCfg = Debug|Any CPU
		{98B7B946-452B-447E-9BB1-95099FE4D9A7}.Debug|Any CPU.Build.0 = Debug|Any CPU
		{98B7B946-452B-447E-9BB1-95099FE4D9A7}.Release|Any CPU.ActiveCfg = Release|Any CPU
		{98B7B946-452B-447E-9BB1-95099FE4D9A7}.Release|Any CPU.Build.0 = Release|Any CPU
		{6F24491D-535D-42EF-B295-FFC350A5CA6B}.Debug|Any CPU.ActiveCfg = Debug|Any CPU
		{6F24491D-535D-42EF-B295-FFC350A5CA6B}.Debug|Any CPU.Build.0 = Debug|Any CPU
		{6F24491D-535D-42EF-B295-FFC350A5CA6B}.Release|Any CPU.ActiveCfg = Release|Any CPU
		{6F24491D-535D-42EF-B295-FFC350A5CA6B}.Release|Any CPU.Build.0 = Release|Any CPU
		{153C094E-DE9E-49BE-B708-B8A2A4ECF36C}.Debug|Any CPU.ActiveCfg = Debug|Any CPU
		{153C094E-DE9E-49BE-B708-B8A2A4ECF36C}.Debug|Any CPU.Build.0 = Debug|Any CPU
		{153C094E-DE9E-49BE-B708-B8A2A4ECF36C}.Release|Any CPU.ActiveCfg = Release|Any CPU
		{153C094E-DE9E-49BE-B708-B8A2A4ECF36C}.Release|Any CPU.Build.0 = Release|Any CPU
		{9B8F5534-87B7-4B42-ADB0-58EB14EA6F2C}.Debug|Any CPU.ActiveCfg = Debug|Any CPU
		{9B8F5534-87B7-4B42-ADB0-58EB14EA6F2C}.Debug|Any CPU.Build.0 = Debug|Any CPU
		{9B8F5534-87B7-4B42-ADB0-58EB14EA6F2C}.Release|Any CPU.ActiveCfg = Release|Any CPU
		{9B8F5534-87B7-4B42-ADB0-58EB14EA6F2C}.Release|Any CPU.Build.0 = Release|Any CPU
		{24CA2AB9-CA0F-422A-B6BE-482A22BC95CA}.Debug|Any CPU.ActiveCfg = Debug|Any CPU
		{24CA2AB9-CA0F-422A-B6BE-482A22BC95CA}.Debug|Any CPU.Build.0 = Debug|Any CPU
		{24CA2AB9-CA0F-422A-B6BE-482A22BC95CA}.Release|Any CPU.ActiveCfg = Release|Any CPU
		{24CA2AB9-CA0F-422A-B6BE-482A22BC95CA}.Release|Any CPU.Build.0 = Release|Any CPU
		{81B4C1D4-EC17-4CE2-8208-CFAF42EAF7A2}.Debug|Any CPU.ActiveCfg = Debug|Any CPU
		{81B4C1D4-EC17-4CE2-8208-CFAF42EAF7A2}.Debug|Any CPU.Build.0 = Debug|Any CPU
		{81B4C1D4-EC17-4CE2-8208-CFAF42EAF7A2}.Release|Any CPU.ActiveCfg = Release|Any CPU
		{81B4C1D4-EC17-4CE2-8208-CFAF42EAF7A2}.Release|Any CPU.Build.0 = Release|Any CPU
		{32C1ABD3-1CF2-4648-A270-645BB42827E3}.Debug|Any CPU.ActiveCfg = Debug|Any CPU
		{32C1ABD3-1CF2-4648-A270-645BB42827E3}.Debug|Any CPU.Build.0 = Debug|Any CPU
		{32C1ABD3-1CF2-4648-A270-645BB42827E3}.Release|Any CPU.ActiveCfg = Release|Any CPU
		{32C1ABD3-1CF2-4648-A270-645BB42827E3}.Release|Any CPU.Build.0 = Release|Any CPU
		{54120EFC-6D63-4305-A7BC-5ABBFBEB0355}.Debug|Any CPU.ActiveCfg = Debug|Any CPU
		{54120EFC-6D63-4305-A7BC-5ABBFBEB0355}.Debug|Any CPU.Build.0 = Debug|Any CPU
		{54120EFC-6D63-4305-A7BC-5ABBFBEB0355}.Release|Any CPU.ActiveCfg = Release|Any CPU
		{54120EFC-6D63-4305-A7BC-5ABBFBEB0355}.Release|Any CPU.Build.0 = Release|Any CPU
		{17592880-2740-42D1-BF2B-2E3D1C72252E}.Debug|Any CPU.ActiveCfg = Debug|Any CPU
		{17592880-2740-42D1-BF2B-2E3D1C72252E}.Debug|Any CPU.Build.0 = Debug|Any CPU
		{17592880-2740-42D1-BF2B-2E3D1C72252E}.Release|Any CPU.ActiveCfg = Release|Any CPU
		{17592880-2740-42D1-BF2B-2E3D1C72252E}.Release|Any CPU.Build.0 = Release|Any CPU
		{7D8E66F5-1877-4590-B4BD-8C71BFA88C50}.Debug|Any CPU.ActiveCfg = Debug|Any CPU
		{7D8E66F5-1877-4590-B4BD-8C71BFA88C50}.Debug|Any CPU.Build.0 = Debug|Any CPU
		{7D8E66F5-1877-4590-B4BD-8C71BFA88C50}.Release|Any CPU.ActiveCfg = Release|Any CPU
		{7D8E66F5-1877-4590-B4BD-8C71BFA88C50}.Release|Any CPU.Build.0 = Release|Any CPU
		{C429D9BC-0F05-4D5B-BC8F-E86F4D46979D}.Debug|Any CPU.ActiveCfg = Debug|Any CPU
		{C429D9BC-0F05-4D5B-BC8F-E86F4D46979D}.Debug|Any CPU.Build.0 = Debug|Any CPU
		{C429D9BC-0F05-4D5B-BC8F-E86F4D46979D}.Release|Any CPU.ActiveCfg = Release|Any CPU
		{C429D9BC-0F05-4D5B-BC8F-E86F4D46979D}.Release|Any CPU.Build.0 = Release|Any CPU
		{EA98FF43-E601-428F-8412-F1B06979E083}.Debug|Any CPU.ActiveCfg = Debug|Any CPU
		{EA98FF43-E601-428F-8412-F1B06979E083}.Debug|Any CPU.Build.0 = Debug|Any CPU
		{EA98FF43-E601-428F-8412-F1B06979E083}.Release|Any CPU.ActiveCfg = Release|Any CPU
		{EA98FF43-E601-428F-8412-F1B06979E083}.Release|Any CPU.Build.0 = Release|Any CPU
	EndGlobalSection
	GlobalSection(SolutionProperties) = preSolution
		HideSolutionNode = FALSE
	EndGlobalSection
	GlobalSection(NestedProjects) = preSolution
		{A352EDA5-CD4B-4B1D-8BFE-63748ABE7906} = {E11DBDB8-9874-4DA1-86A7-7DEE0544A00B}
		{BD6A5DD3-2C76-4700-BC24-D9969FD95AE2} = {DFF726A6-A69B-4FB6-9E88-908610C57F2D}
		{DFF726A6-A69B-4FB6-9E88-908610C57F2D} = {E11DBDB8-9874-4DA1-86A7-7DEE0544A00B}
		{5025FB1E-08E0-4D28-8172-4AFBAB469673} = {E11DBDB8-9874-4DA1-86A7-7DEE0544A00B}
		{98B7B946-452B-447E-9BB1-95099FE4D9A7} = {5025FB1E-08E0-4D28-8172-4AFBAB469673}
		{6F24491D-535D-42EF-B295-FFC350A5CA6B} = {52F18E23-D377-4DA9-ADE9-D4E3649B26B4}
		{153C094E-DE9E-49BE-B708-B8A2A4ECF36C} = {52F18E23-D377-4DA9-ADE9-D4E3649B26B4}
		{20C64160-C469-46C8-9971-17C2435420AD} = {52F18E23-D377-4DA9-ADE9-D4E3649B26B4}
		{9B8F5534-87B7-4B42-ADB0-58EB14EA6F2C} = {20C64160-C469-46C8-9971-17C2435420AD}
		{24CA2AB9-CA0F-422A-B6BE-482A22BC95CA} = {5025FB1E-08E0-4D28-8172-4AFBAB469673}
		{81B4C1D4-EC17-4CE2-8208-CFAF42EAF7A2} = {5025FB1E-08E0-4D28-8172-4AFBAB469673}
		{32C1ABD3-1CF2-4648-A270-645BB42827E3} = {5025FB1E-08E0-4D28-8172-4AFBAB469673}
		{54120EFC-6D63-4305-A7BC-5ABBFBEB0355} = {DFF726A6-A69B-4FB6-9E88-908610C57F2D}
		{17592880-2740-42D1-BF2B-2E3D1C72252E} = {DFF726A6-A69B-4FB6-9E88-908610C57F2D}
		{7D8E66F5-1877-4590-B4BD-8C71BFA88C50} = {5025FB1E-08E0-4D28-8172-4AFBAB469673}
		{C429D9BC-0F05-4D5B-BC8F-E86F4D46979D} = {DFF726A6-A69B-4FB6-9E88-908610C57F2D}
		{EA98FF43-E601-428F-8412-F1B06979E083} = {5025FB1E-08E0-4D28-8172-4AFBAB469673}
	EndGlobalSection
	GlobalSection(ExtensibilityGlobals) = postSolution
		SolutionGuid = {5CCA3986-D0CE-4F7C-BB82-C805EFC11ECE}
	EndGlobalSection
EndGlobal
