
Microsoft Visual Studio Solution File, Format Version 12.00
# Visual Studio Version 17
VisualStudioVersion = 17.2.32630.192
MinimumVisualStudioVersion = 10.0.40219.1
Project("{9A19103F-16F7-4668-BE54-9A1E7A4F7556}") = "Mithril", "Mithril\Mithril.csproj", "{6EFBC026-91E2-4CD9-8CEA-EA8334801488}"
EndProject
Project("{FAE04EC0-301F-11D3-BF4B-00C04F79EFBC}") = "Mithril.Core", "Mithril.Core\Mithril.Core.csproj", "{A352EDA5-CD4B-4B1D-8BFE-63748ABE7906}"
EndProject
Global
	GlobalSection(SolutionConfigurationPlatforms) = preSolution
		Debug|Any CPU = Debug|Any CPU
		Release|Any CPU = Release|Any CPU
	EndGlobalSection
	GlobalSection(ProjectConfigurationPlatforms) = postSolution
		{6EFBC026-91E2-4CD9-8CEA-EA8334801488}.Debug|Any CPU.ActiveCfg = Debug|Any CPU
		{6EFBC026-91E2-4CD9-8CEA-EA8334801488}.Debug|Any CPU.Build.0 = Debug|Any CPU
		{6EFBC026-91E2-4CD9-8CEA-EA8334801488}.Release|Any CPU.ActiveCfg = Release|Any CPU
		{6EFBC026-91E2-4CD9-8CEA-EA8334801488}.Release|Any CPU.Build.0 = Release|Any CPU
		{A352EDA5-CD4B-4B1D-8BFE-63748ABE7906}.Debug|Any CPU.ActiveCfg = Debug|Any CPU
		{A352EDA5-CD4B-4B1D-8BFE-63748ABE7906}.Debug|Any CPU.Build.0 = Debug|Any CPU
		{A352EDA5-CD4B-4B1D-8BFE-63748ABE7906}.Release|Any CPU.ActiveCfg = Release|Any CPU
		{A352EDA5-CD4B-4B1D-8BFE-63748ABE7906}.Release|Any CPU.Build.0 = Release|Any CPU
	EndGlobalSection
	GlobalSection(SolutionProperties) = preSolution
		HideSolutionNode = FALSE
	EndGlobalSection
	GlobalSection(ExtensibilityGlobals) = postSolution
		SolutionGuid = {5CCA3986-D0CE-4F7C-BB82-C805EFC11ECE}
	EndGlobalSection
EndGlobal
